// !$*UTF8*$!
{
	archiveVersion = 1;
	classes = {
	};
	objectVersion = 51;
	objects = {

/* Begin PBXBuildFile section */
		891BFE2A2364864C001C9839 /* File.swift in Sources */ = {isa = PBXBuildFile; fileRef = 891BFE292364864C001C9839 /* File.swift */; };
		8956246F236402F6007972AC /* AppDelegate.swift in Sources */ = {isa = PBXBuildFile; fileRef = 8956246E236402F6007972AC /* AppDelegate.swift */; };
		89562471236402F6007972AC /* SceneDelegate.swift in Sources */ = {isa = PBXBuildFile; fileRef = 89562470236402F6007972AC /* SceneDelegate.swift */; };
		89562473236402F6007972AC /* ViewController.swift in Sources */ = {isa = PBXBuildFile; fileRef = 89562472236402F6007972AC /* ViewController.swift */; };
		89562476236402F6007972AC /* Main.storyboard in Resources */ = {isa = PBXBuildFile; fileRef = 89562474236402F6007972AC /* Main.storyboard */; };
		89562478236402F9007972AC /* Assets.xcassets in Resources */ = {isa = PBXBuildFile; fileRef = 89562477236402F9007972AC /* Assets.xcassets */; };
		8956247B236402F9007972AC /* LaunchScreen.storyboard in Resources */ = {isa = PBXBuildFile; fileRef = 89562479236402F9007972AC /* LaunchScreen.storyboard */; };
		89C11D322364EF4000B347BB /* DestinationViewController.swift in Sources */ = {isa = PBXBuildFile; fileRef = 89C11D312364EF4000B347BB /* DestinationViewController.swift */; };
		89C11D342364EF5500B347BB /* TimeViewController.swift in Sources */ = {isa = PBXBuildFile; fileRef = 89C11D332364EF5500B347BB /* TimeViewController.swift */; };
		89C11D362364EF6800B347BB /* DiningViewController.swift in Sources */ = {isa = PBXBuildFile; fileRef = 89C11D352364EF6800B347BB /* DiningViewController.swift */; };
		89C11D382364EF8D00B347BB /* FinalPlanViewController.swift in Sources */ = {isa = PBXBuildFile; fileRef = 89C11D372364EF8D00B347BB /* FinalPlanViewController.swift */; };
		C855928DEF38EAF036E48D43 /* Pods_frolic.framework in Frameworks */ = {isa = PBXBuildFile; fileRef = 03539ACAAE5A0B68018C11E8 /* Pods_frolic.framework */; };
/* End PBXBuildFile section */

/* Begin PBXFileReference section */
		03539ACAAE5A0B68018C11E8 /* Pods_frolic.framework */ = {isa = PBXFileReference; explicitFileType = wrapper.framework; includeInIndex = 0; path = Pods_frolic.framework; sourceTree = BUILT_PRODUCTS_DIR; };
		2E58325696999BE6F257BAAB /* Pods-frolic.release.xcconfig */ = {isa = PBXFileReference; includeInIndex = 1; lastKnownFileType = text.xcconfig; name = "Pods-frolic.release.xcconfig"; path = "Target Support Files/Pods-frolic/Pods-frolic.release.xcconfig"; sourceTree = "<group>"; };
		891BFE292364864C001C9839 /* File.swift */ = {isa = PBXFileReference; lastKnownFileType = sourcecode.swift; path = File.swift; sourceTree = "<group>"; };
		8956246B236402F6007972AC /* frolic.app */ = {isa = PBXFileReference; explicitFileType = wrapper.application; includeInIndex = 0; path = frolic.app; sourceTree = BUILT_PRODUCTS_DIR; };
		8956246E236402F6007972AC /* AppDelegate.swift */ = {isa = PBXFileReference; lastKnownFileType = sourcecode.swift; path = AppDelegate.swift; sourceTree = "<group>"; };
		89562470236402F6007972AC /* SceneDelegate.swift */ = {isa = PBXFileReference; lastKnownFileType = sourcecode.swift; path = SceneDelegate.swift; sourceTree = "<group>"; };
		89562472236402F6007972AC /* ViewController.swift */ = {isa = PBXFileReference; lastKnownFileType = sourcecode.swift; path = ViewController.swift; sourceTree = "<group>"; };
		89562475236402F6007972AC /* Base */ = {isa = PBXFileReference; lastKnownFileType = file.storyboard; name = Base; path = Base.lproj/Main.storyboard; sourceTree = "<group>"; };
		89562477236402F9007972AC /* Assets.xcassets */ = {isa = PBXFileReference; lastKnownFileType = folder.assetcatalog; path = Assets.xcassets; sourceTree = "<group>"; };
		8956247A236402F9007972AC /* Base */ = {isa = PBXFileReference; lastKnownFileType = file.storyboard; name = Base; path = Base.lproj/LaunchScreen.storyboard; sourceTree = "<group>"; };
		8956247C236402F9007972AC /* Info.plist */ = {isa = PBXFileReference; lastKnownFileType = text.plist.xml; path = Info.plist; sourceTree = "<group>"; };
		89C11D312364EF4000B347BB /* DestinationViewController.swift */ = {isa = PBXFileReference; lastKnownFileType = sourcecode.swift; path = DestinationViewController.swift; sourceTree = "<group>"; };
		89C11D332364EF5500B347BB /* TimeViewController.swift */ = {isa = PBXFileReference; lastKnownFileType = sourcecode.swift; path = TimeViewController.swift; sourceTree = "<group>"; };
		89C11D352364EF6800B347BB /* DiningViewController.swift */ = {isa = PBXFileReference; lastKnownFileType = sourcecode.swift; path = DiningViewController.swift; sourceTree = "<group>"; };
		89C11D372364EF8D00B347BB /* FinalPlanViewController.swift */ = {isa = PBXFileReference; lastKnownFileType = sourcecode.swift; path = FinalPlanViewController.swift; sourceTree = "<group>"; };
		BD9AA48B931B6C095B763E7F /* Pods-frolic.debug.xcconfig */ = {isa = PBXFileReference; includeInIndex = 1; lastKnownFileType = text.xcconfig; name = "Pods-frolic.debug.xcconfig"; path = "Target Support Files/Pods-frolic/Pods-frolic.debug.xcconfig"; sourceTree = "<group>"; };
/* End PBXFileReference section */

/* Begin PBXFrameworksBuildPhase section */
		89562468236402F6007972AC /* Frameworks */ = {
			isa = PBXFrameworksBuildPhase;
			buildActionMask = 2147483647;
			files = (
				C855928DEF38EAF036E48D43 /* Pods_frolic.framework in Frameworks */,
			);
			runOnlyForDeploymentPostprocessing = 0;
		};
/* End PBXFrameworksBuildPhase section */

/* Begin PBXGroup section */
		29938DB8B07738A1FBFDBAFE /* Frameworks */ = {
			isa = PBXGroup;
			children = (
				03539ACAAE5A0B68018C11E8 /* Pods_frolic.framework */,
			);
			name = Frameworks;
			sourceTree = "<group>";
		};
		89562462236402F6007972AC = {
			isa = PBXGroup;
			children = (
				8956246D236402F6007972AC /* frolic */,
				8956246C236402F6007972AC /* Products */,
				AD52545A5314A78F5AACB55B /* Pods */,
				29938DB8B07738A1FBFDBAFE /* Frameworks */,
			);
			sourceTree = "<group>";
		};
		8956246C236402F6007972AC /* Products */ = {
			isa = PBXGroup;
			children = (
				8956246B236402F6007972AC /* frolic.app */,
			);
			name = Products;
			sourceTree = "<group>";
		};
		8956246D236402F6007972AC /* frolic */ = {
			isa = PBXGroup;
			children = (
				8956248423640520007972AC /* Model */,
				8956248223640502007972AC /* Controller */,
				8956248323640516007972AC /* View */,
				8956246E236402F6007972AC /* AppDelegate.swift */,
				89562470236402F6007972AC /* SceneDelegate.swift */,
				89562477236402F9007972AC /* Assets.xcassets */,
				89562479236402F9007972AC /* LaunchScreen.storyboard */,
				8956247C236402F9007972AC /* Info.plist */,
			);
			path = frolic;
			sourceTree = "<group>";
		};
		8956248223640502007972AC /* Controller */ = {
			isa = PBXGroup;
			children = (
				89562472236402F6007972AC /* ViewController.swift */,
				89C11D352364EF6800B347BB /* DiningViewController.swift */,
				89C11D312364EF4000B347BB /* DestinationViewController.swift */,
				89C11D332364EF5500B347BB /* TimeViewController.swift */,
				89C11D372364EF8D00B347BB /* FinalPlanViewController.swift */,
			);
			path = Controller;
			sourceTree = "<group>";
		};
		8956248323640516007972AC /* View */ = {
			isa = PBXGroup;
			children = (
				89562474236402F6007972AC /* Main.storyboard */,
			);
			path = View;
			sourceTree = "<group>";
		};
		8956248423640520007972AC /* Model */ = {
			isa = PBXGroup;
			children = (
				891BFE292364864C001C9839 /* File.swift */,
			);
			path = Model;
			sourceTree = "<group>";
		};
		AD52545A5314A78F5AACB55B /* Pods */ = {
			isa = PBXGroup;
			children = (
				BD9AA48B931B6C095B763E7F /* Pods-frolic.debug.xcconfig */,
				2E58325696999BE6F257BAAB /* Pods-frolic.release.xcconfig */,
			);
			path = Pods;
			sourceTree = "<group>";
		};
/* End PBXGroup section */

/* Begin PBXNativeTarget section */
		8956246A236402F6007972AC /* frolic */ = {
			isa = PBXNativeTarget;
			buildConfigurationList = 8956247F236402F9007972AC /* Build configuration list for PBXNativeTarget "frolic" */;
			buildPhases = (
				0D91F08AB2C445AB171B3555 /* [CP] Check Pods Manifest.lock */,
				89562467236402F6007972AC /* Sources */,
				89562468236402F6007972AC /* Frameworks */,
				89562469236402F6007972AC /* Resources */,
				D36F649F48D562AE725844EF /* [CP] Embed Pods Frameworks */,
				7C5F8B4BAFA4780DFCB43B8B /* [CP] Copy Pods Resources */,
			);
			buildRules = (
			);
			dependencies = (
			);
			name = frolic;
			productName = frolic;
			productReference = 8956246B236402F6007972AC /* frolic.app */;
			productType = "com.apple.product-type.application";
		};
/* End PBXNativeTarget section */

/* Begin PBXProject section */
		89562463236402F6007972AC /* Project object */ = {
			isa = PBXProject;
			attributes = {
				LastSwiftUpdateCheck = 1110;
				LastUpgradeCheck = 1110;
				ORGANIZATIONNAME = adventurers;
				TargetAttributes = {
					8956246A236402F6007972AC = {
						CreatedOnToolsVersion = 11.1;
					};
				};
			};
			buildConfigurationList = 89562466236402F6007972AC /* Build configuration list for PBXProject "frolic" */;
			compatibilityVersion = "Xcode 9.3";
			developmentRegion = en;
			hasScannedForEncodings = 0;
			knownRegions = (
				en,
				Base,
			);
			mainGroup = 89562462236402F6007972AC;
			productRefGroup = 8956246C236402F6007972AC /* Products */;
			projectDirPath = "";
			projectRoot = "";
			targets = (
				8956246A236402F6007972AC /* frolic */,
			);
		};
/* End PBXProject section */

/* Begin PBXResourcesBuildPhase section */
		89562469236402F6007972AC /* Resources */ = {
			isa = PBXResourcesBuildPhase;
			buildActionMask = 2147483647;
			files = (
				8956247B236402F9007972AC /* LaunchScreen.storyboard in Resources */,
				89562478236402F9007972AC /* Assets.xcassets in Resources */,
				89562476236402F6007972AC /* Main.storyboard in Resources */,
			);
			runOnlyForDeploymentPostprocessing = 0;
		};
/* End PBXResourcesBuildPhase section */

/* Begin PBXShellScriptBuildPhase section */
		0D91F08AB2C445AB171B3555 /* [CP] Check Pods Manifest.lock */ = {
			isa = PBXShellScriptBuildPhase;
			buildActionMask = 2147483647;
			files = (
			);
			inputFileListPaths = (
			);
			inputPaths = (
				"${PODS_PODFILE_DIR_PATH}/Podfile.lock",
				"${PODS_ROOT}/Manifest.lock",
			);
			name = "[CP] Check Pods Manifest.lock";
			outputFileListPaths = (
			);
			outputPaths = (
				"$(DERIVED_FILE_DIR)/Pods-frolic-checkManifestLockResult.txt",
			);
			runOnlyForDeploymentPostprocessing = 0;
			shellPath = /bin/sh;
			shellScript = "diff \"${PODS_PODFILE_DIR_PATH}/Podfile.lock\" \"${PODS_ROOT}/Manifest.lock\" > /dev/null\nif [ $? != 0 ] ; then\n    # print error to STDERR\n    echo \"error: The sandbox is not in sync with the Podfile.lock. Run 'pod install' or update your CocoaPods installation.\" >&2\n    exit 1\nfi\n# This output is used by Xcode 'outputs' to avoid re-running this script phase.\necho \"SUCCESS\" > \"${SCRIPT_OUTPUT_FILE_0}\"\n";
			showEnvVarsInLog = 0;
		};
		7C5F8B4BAFA4780DFCB43B8B /* [CP] Copy Pods Resources */ = {
			isa = PBXShellScriptBuildPhase;
			buildActionMask = 2147483647;
			files = (
			);
			inputFileListPaths = (
				"${PODS_ROOT}/Target Support Files/Pods-frolic/Pods-frolic-resources-${CONFIGURATION}-input-files.xcfilelist",
			);
			name = "[CP] Copy Pods Resources";
			outputFileListPaths = (
				"${PODS_ROOT}/Target Support Files/Pods-frolic/Pods-frolic-resources-${CONFIGURATION}-output-files.xcfilelist",
			);
			runOnlyForDeploymentPostprocessing = 0;
			shellPath = /bin/sh;
			shellScript = "\"${PODS_ROOT}/Target Support Files/Pods-frolic/Pods-frolic-resources.sh\"\n";
			showEnvVarsInLog = 0;
		};
		D36F649F48D562AE725844EF /* [CP] Embed Pods Frameworks */ = {
			isa = PBXShellScriptBuildPhase;
			buildActionMask = 2147483647;
			files = (
			);
			inputFileListPaths = (
				"${PODS_ROOT}/Target Support Files/Pods-frolic/Pods-frolic-frameworks-${CONFIGURATION}-input-files.xcfilelist",
			);
			name = "[CP] Embed Pods Frameworks";
			outputFileListPaths = (
				"${PODS_ROOT}/Target Support Files/Pods-frolic/Pods-frolic-frameworks-${CONFIGURATION}-output-files.xcfilelist",
			);
			runOnlyForDeploymentPostprocessing = 0;
			shellPath = /bin/sh;
			shellScript = "\"${PODS_ROOT}/Target Support Files/Pods-frolic/Pods-frolic-frameworks.sh\"\n";
			showEnvVarsInLog = 0;
		};
/* End PBXShellScriptBuildPhase section */

/* Begin PBXSourcesBuildPhase section */
		89562467236402F6007972AC /* Sources */ = {
			isa = PBXSourcesBuildPhase;
			buildActionMask = 2147483647;
			files = (
				89562473236402F6007972AC /* ViewController.swift in Sources */,
				89C11D342364EF5500B347BB /* TimeViewController.swift in Sources */,
				891BFE2A2364864C001C9839 /* File.swift in Sources */,
				8956246F236402F6007972AC /* AppDelegate.swift in Sources */,
				89C11D382364EF8D00B347BB /* FinalPlanViewController.swift in Sources */,
				89562471236402F6007972AC /* SceneDelegate.swift in Sources */,
				89C11D322364EF4000B347BB /* DestinationViewController.swift in Sources */,
				89C11D362364EF6800B347BB /* DiningViewController.swift in Sources */,
			);
			runOnlyForDeploymentPostprocessing = 0;
		};
/* End PBXSourcesBuildPhase section */

/* Begin PBXVariantGroup section */
		89562474236402F6007972AC /* Main.storyboard */ = {
			isa = PBXVariantGroup;
			children = (
				89562475236402F6007972AC /* Base */,
			);
			name = Main.storyboard;
			sourceTree = "<group>";
		};
		89562479236402F9007972AC /* LaunchScreen.storyboard */ = {
			isa = PBXVariantGroup;
			children = (
				8956247A236402F9007972AC /* Base */,
			);
			name = LaunchScreen.storyboard;
			sourceTree = "<group>";
		};
/* End PBXVariantGroup section */

/* Begin XCBuildConfiguration section */
		8956247D236402F9007972AC /* Debug */ = {
			isa = XCBuildConfiguration;
			buildSettings = {
				ALWAYS_SEARCH_USER_PATHS = NO;
				CLANG_ANALYZER_NONNULL = YES;
				CLANG_ANALYZER_NUMBER_OBJECT_CONVERSION = YES_AGGRESSIVE;
				CLANG_CXX_LANGUAGE_STANDARD = "gnu++14";
				CLANG_CXX_LIBRARY = "libc++";
				CLANG_ENABLE_MODULES = YES;
				CLANG_ENABLE_OBJC_ARC = YES;
				CLANG_ENABLE_OBJC_WEAK = YES;
				CLANG_WARN_BLOCK_CAPTURE_AUTORELEASING = YES;
				CLANG_WARN_BOOL_CONVERSION = YES;
				CLANG_WARN_COMMA = YES;
				CLANG_WARN_CONSTANT_CONVERSION = YES;
				CLANG_WARN_DEPRECATED_OBJC_IMPLEMENTATIONS = YES;
				CLANG_WARN_DIRECT_OBJC_ISA_USAGE = YES_ERROR;
				CLANG_WARN_DOCUMENTATION_COMMENTS = YES;
				CLANG_WARN_EMPTY_BODY = YES;
				CLANG_WARN_ENUM_CONVERSION = YES;
				CLANG_WARN_INFINITE_RECURSION = YES;
				CLANG_WARN_INT_CONVERSION = YES;
				CLANG_WARN_NON_LITERAL_NULL_CONVERSION = YES;
				CLANG_WARN_OBJC_IMPLICIT_RETAIN_SELF = YES;
				CLANG_WARN_OBJC_LITERAL_CONVERSION = YES;
				CLANG_WARN_OBJC_ROOT_CLASS = YES_ERROR;
				CLANG_WARN_RANGE_LOOP_ANALYSIS = YES;
				CLANG_WARN_STRICT_PROTOTYPES = YES;
				CLANG_WARN_SUSPICIOUS_MOVE = YES;
				CLANG_WARN_UNGUARDED_AVAILABILITY = YES_AGGRESSIVE;
				CLANG_WARN_UNREACHABLE_CODE = YES;
				CLANG_WARN__DUPLICATE_METHOD_MATCH = YES;
				COPY_PHASE_STRIP = NO;
				DEBUG_INFORMATION_FORMAT = dwarf;
				ENABLE_STRICT_OBJC_MSGSEND = YES;
				ENABLE_TESTABILITY = YES;
				GCC_C_LANGUAGE_STANDARD = gnu11;
				GCC_DYNAMIC_NO_PIC = NO;
				GCC_NO_COMMON_BLOCKS = YES;
				GCC_OPTIMIZATION_LEVEL = 0;
				GCC_PREPROCESSOR_DEFINITIONS = (
					"DEBUG=1",
					"$(inherited)",
				);
				GCC_WARN_64_TO_32_BIT_CONVERSION = YES;
				GCC_WARN_ABOUT_RETURN_TYPE = YES_ERROR;
				GCC_WARN_UNDECLARED_SELECTOR = YES;
				GCC_WARN_UNINITIALIZED_AUTOS = YES_AGGRESSIVE;
				GCC_WARN_UNUSED_FUNCTION = YES;
				GCC_WARN_UNUSED_VARIABLE = YES;
				IPHONEOS_DEPLOYMENT_TARGET = 13.1;
				MTL_ENABLE_DEBUG_INFO = INCLUDE_SOURCE;
				MTL_FAST_MATH = YES;
				ONLY_ACTIVE_ARCH = YES;
				SDKROOT = iphoneos;
				SWIFT_ACTIVE_COMPILATION_CONDITIONS = DEBUG;
				SWIFT_OPTIMIZATION_LEVEL = "-Onone";
			};
			name = Debug;
		};
		8956247E236402F9007972AC /* Release */ = {
			isa = XCBuildConfiguration;
			buildSettings = {
				ALWAYS_SEARCH_USER_PATHS = NO;
				CLANG_ANALYZER_NONNULL = YES;
				CLANG_ANALYZER_NUMBER_OBJECT_CONVERSION = YES_AGGRESSIVE;
				CLANG_CXX_LANGUAGE_STANDARD = "gnu++14";
				CLANG_CXX_LIBRARY = "libc++";
				CLANG_ENABLE_MODULES = YES;
				CLANG_ENABLE_OBJC_ARC = YES;
				CLANG_ENABLE_OBJC_WEAK = YES;
				CLANG_WARN_BLOCK_CAPTURE_AUTORELEASING = YES;
				CLANG_WARN_BOOL_CONVERSION = YES;
				CLANG_WARN_COMMA = YES;
				CLANG_WARN_CONSTANT_CONVERSION = YES;
				CLANG_WARN_DEPRECATED_OBJC_IMPLEMENTATIONS = YES;
				CLANG_WARN_DIRECT_OBJC_ISA_USAGE = YES_ERROR;
				CLANG_WARN_DOCUMENTATION_COMMENTS = YES;
				CLANG_WARN_EMPTY_BODY = YES;
				CLANG_WARN_ENUM_CONVERSION = YES;
				CLANG_WARN_INFINITE_RECURSION = YES;
				CLANG_WARN_INT_CONVERSION = YES;
				CLANG_WARN_NON_LITERAL_NULL_CONVERSION = YES;
				CLANG_WARN_OBJC_IMPLICIT_RETAIN_SELF = YES;
				CLANG_WARN_OBJC_LITERAL_CONVERSION = YES;
				CLANG_WARN_OBJC_ROOT_CLASS = YES_ERROR;
				CLANG_WARN_RANGE_LOOP_ANALYSIS = YES;
				CLANG_WARN_STRICT_PROTOTYPES = YES;
				CLANG_WARN_SUSPICIOUS_MOVE = YES;
				CLANG_WARN_UNGUARDED_AVAILABILITY = YES_AGGRESSIVE;
				CLANG_WARN_UNREACHABLE_CODE = YES;
				CLANG_WARN__DUPLICATE_METHOD_MATCH = YES;
				COPY_PHASE_STRIP = NO;
				DEBUG_INFORMATION_FORMAT = "dwarf-with-dsym";
				ENABLE_NS_ASSERTIONS = NO;
				ENABLE_STRICT_OBJC_MSGSEND = YES;
				GCC_C_LANGUAGE_STANDARD = gnu11;
				GCC_NO_COMMON_BLOCKS = YES;
				GCC_WARN_64_TO_32_BIT_CONVERSION = YES;
				GCC_WARN_ABOUT_RETURN_TYPE = YES_ERROR;
				GCC_WARN_UNDECLARED_SELECTOR = YES;
				GCC_WARN_UNINITIALIZED_AUTOS = YES_AGGRESSIVE;
				GCC_WARN_UNUSED_FUNCTION = YES;
				GCC_WARN_UNUSED_VARIABLE = YES;
				IPHONEOS_DEPLOYMENT_TARGET = 13.1;
				MTL_ENABLE_DEBUG_INFO = NO;
				MTL_FAST_MATH = YES;
				SDKROOT = iphoneos;
				SWIFT_COMPILATION_MODE = wholemodule;
				SWIFT_OPTIMIZATION_LEVEL = "-O";
				VALIDATE_PRODUCT = YES;
			};
			name = Release;
		};
		89562480236402F9007972AC /* Debug */ = {
			isa = XCBuildConfiguration;
			baseConfigurationReference = BD9AA48B931B6C095B763E7F /* Pods-frolic.debug.xcconfig */;
			buildSettings = {
				ASSETCATALOG_COMPILER_APPICON_NAME = AppIcon;
				CODE_SIGN_STYLE = Automatic;
				INFOPLIST_FILE = frolic/Info.plist;
				LD_RUNPATH_SEARCH_PATHS = (
					"$(inherited)",
					"@executable_path/Frameworks",
				);
				PRODUCT_BUNDLE_IDENTIFIER = com.testing.frolic;
				PRODUCT_NAME = "$(TARGET_NAME)";
				SWIFT_VERSION = 5.0;
				TARGETED_DEVICE_FAMILY = "1,2";
			};
			name = Debug;
		};
		89562481236402F9007972AC /* Release */ = {
			isa = XCBuildConfiguration;
			baseConfigurationReference = 2E58325696999BE6F257BAAB /* Pods-frolic.release.xcconfig */;
			buildSettings = {
				ASSETCATALOG_COMPILER_APPICON_NAME = AppIcon;
				CODE_SIGN_STYLE = Automatic;
				INFOPLIST_FILE = frolic/Info.plist;
				LD_RUNPATH_SEARCH_PATHS = (
					"$(inherited)",
					"@executable_path/Frameworks",
				);
				PRODUCT_BUNDLE_IDENTIFIER = com.testing.frolic;
				PRODUCT_NAME = "$(TARGET_NAME)";
				SWIFT_VERSION = 5.0;
				TARGETED_DEVICE_FAMILY = "1,2";
			};
			name = Release;
		};
/* End XCBuildConfiguration section */

/* Begin XCConfigurationList section */
		89562466236402F6007972AC /* Build configuration list for PBXProject "frolic" */ = {
			isa = XCConfigurationList;
			buildConfigurations = (
				8956247D236402F9007972AC /* Debug */,
				8956247E236402F9007972AC /* Release */,
			);
			defaultConfigurationIsVisible = 0;
			defaultConfigurationName = Release;
		};
		8956247F236402F9007972AC /* Build configuration list for PBXNativeTarget "frolic" */ = {
			isa = XCConfigurationList;
			buildConfigurations = (
				89562480236402F9007972AC /* Debug */,
				89562481236402F9007972AC /* Release */,
			);
			defaultConfigurationIsVisible = 0;
			defaultConfigurationName = Release;
		};
/* End XCConfigurationList section */
	};
	rootObject = 89562463236402F6007972AC /* Project object */;
}
